// !$*UTF8*$!
{
	archiveVersion = 1;
	classes = {
	};
	objectVersion = 50;
	objects = {

/* Begin PBXBuildFile section */
		C35E3CD225F14B640094F21B /* AppDelegate.swift in Sources */ = {isa = PBXBuildFile; fileRef = C35E3CD125F14B640094F21B /* AppDelegate.swift */; };
		C35E3CD425F14B640094F21B /* SceneDelegate.swift in Sources */ = {isa = PBXBuildFile; fileRef = C35E3CD325F14B640094F21B /* SceneDelegate.swift */; };
		C35E3CD625F14B640094F21B /* ViewController.swift in Sources */ = {isa = PBXBuildFile; fileRef = C35E3CD525F14B640094F21B /* ViewController.swift */; };
		C35E3CD925F14B640094F21B /* Main.storyboard in Resources */ = {isa = PBXBuildFile; fileRef = C35E3CD725F14B640094F21B /* Main.storyboard */; };
		C35E3CDC25F14B640094F21B /* WysaPractical.xcdatamodeld in Sources */ = {isa = PBXBuildFile; fileRef = C35E3CDA25F14B640094F21B /* WysaPractical.xcdatamodeld */; };
		C35E3CDE25F14B650094F21B /* Assets.xcassets in Resources */ = {isa = PBXBuildFile; fileRef = C35E3CDD25F14B650094F21B /* Assets.xcassets */; };
		C35E3CE125F14B650094F21B /* LaunchScreen.storyboard in Resources */ = {isa = PBXBuildFile; fileRef = C35E3CDF25F14B650094F21B /* LaunchScreen.storyboard */; };
/* End PBXBuildFile section */

/* Begin PBXFileReference section */
		C35E3CCE25F14B640094F21B /* WysaPractical.app */ = {isa = PBXFileReference; explicitFileType = wrapper.application; includeInIndex = 0; path = WysaPractical.app; sourceTree = BUILT_PRODUCTS_DIR; };
		C35E3CD125F14B640094F21B /* AppDelegate.swift */ = {isa = PBXFileReference; lastKnownFileType = sourcecode.swift; path = AppDelegate.swift; sourceTree = "<group>"; };
		C35E3CD325F14B640094F21B /* SceneDelegate.swift */ = {isa = PBXFileReference; lastKnownFileType = sourcecode.swift; path = SceneDelegate.swift; sourceTree = "<group>"; };
		C35E3CD525F14B640094F21B /* ViewController.swift */ = {isa = PBXFileReference; lastKnownFileType = sourcecode.swift; path = ViewController.swift; sourceTree = "<group>"; };
		C35E3CD825F14B640094F21B /* Base */ = {isa = PBXFileReference; lastKnownFileType = file.storyboard; name = Base; path = Base.lproj/Main.storyboard; sourceTree = "<group>"; };
		C35E3CDB25F14B640094F21B /* WysaPractical.xcdatamodel */ = {isa = PBXFileReference; lastKnownFileType = wrapper.xcdatamodel; path = WysaPractical.xcdatamodel; sourceTree = "<group>"; };
		C35E3CDD25F14B650094F21B /* Assets.xcassets */ = {isa = PBXFileReference; lastKnownFileType = folder.assetcatalog; path = Assets.xcassets; sourceTree = "<group>"; };
		C35E3CE025F14B650094F21B /* Base */ = {isa = PBXFileReference; lastKnownFileType = file.storyboard; name = Base; path = Base.lproj/LaunchScreen.storyboard; sourceTree = "<group>"; };
		C35E3CE225F14B650094F21B /* Info.plist */ = {isa = PBXFileReference; lastKnownFileType = text.plist.xml; path = Info.plist; sourceTree = "<group>"; };
/* End PBXFileReference section */

/* Begin PBXFrameworksBuildPhase section */
		C35E3CCB25F14B640094F21B /* Frameworks */ = {
			isa = PBXFrameworksBuildPhase;
			buildActionMask = 2147483647;
			files = (
			);
			runOnlyForDeploymentPostprocessing = 0;
		};
/* End PBXFrameworksBuildPhase section */

/* Begin PBXGroup section */
		C35E3CC525F14B640094F21B = {
			isa = PBXGroup;
			children = (
				C35E3CD025F14B640094F21B /* WysaPractical */,
				C35E3CCF25F14B640094F21B /* Products */,
			);
			sourceTree = "<group>";
		};
		C35E3CCF25F14B640094F21B /* Products */ = {
			isa = PBXGroup;
			children = (
				C35E3CCE25F14B640094F21B /* WysaPractical.app */,
			);
			name = Products;
			sourceTree = "<group>";
		};
		C35E3CD025F14B640094F21B /* WysaPractical */ = {
			isa = PBXGroup;
			children = (
				C35E3CD125F14B640094F21B /* AppDelegate.swift */,
				C35E3CD325F14B640094F21B /* SceneDelegate.swift */,
				C35E3CD525F14B640094F21B /* ViewController.swift */,
				C35E3CD725F14B640094F21B /* Main.storyboard */,
				C35E3CDD25F14B650094F21B /* Assets.xcassets */,
				C35E3CDF25F14B650094F21B /* LaunchScreen.storyboard */,
				C35E3CE225F14B650094F21B /* Info.plist */,
				C35E3CDA25F14B640094F21B /* WysaPractical.xcdatamodeld */,
			);
			path = WysaPractical;
			sourceTree = "<group>";
		};
/* End PBXGroup section */

/* Begin PBXNativeTarget section */
		C35E3CCD25F14B640094F21B /* WysaPractical */ = {
			isa = PBXNativeTarget;
			buildConfigurationList = C35E3CE525F14B650094F21B /* Build configuration list for PBXNativeTarget "WysaPractical" */;
			buildPhases = (
				C35E3CCA25F14B640094F21B /* Sources */,
				C35E3CCB25F14B640094F21B /* Frameworks */,
				C35E3CCC25F14B640094F21B /* Resources */,
			);
			buildRules = (
			);
			dependencies = (
			);
			name = WysaPractical;
			productName = WysaPractical;
			productReference = C35E3CCE25F14B640094F21B /* WysaPractical.app */;
			productType = "com.apple.product-type.application";
		};
/* End PBXNativeTarget section */

/* Begin PBXProject section */
		C35E3CC625F14B640094F21B /* Project object */ = {
			isa = PBXProject;
			attributes = {
				LastSwiftUpdateCheck = 1230;
				LastUpgradeCheck = 1230;
				TargetAttributes = {
					C35E3CCD25F14B640094F21B = {
						CreatedOnToolsVersion = 12.3;
					};
				};
			};
			buildConfigurationList = C35E3CC925F14B640094F21B /* Build configuration list for PBXProject "WysaPractical" */;
			compatibilityVersion = "Xcode 9.3";
			developmentRegion = en;
			hasScannedForEncodings = 0;
			knownRegions = (
				en,
				Base,
			);
			mainGroup = C35E3CC525F14B640094F21B;
			productRefGroup = C35E3CCF25F14B640094F21B /* Products */;
			projectDirPath = "";
			projectRoot = "";
			targets = (
				C35E3CCD25F14B640094F21B /* WysaPractical */,
			);
		};
/* End PBXProject section */

/* Begin PBXResourcesBuildPhase section */
		C35E3CCC25F14B640094F21B /* Resources */ = {
			isa = PBXResourcesBuildPhase;
			buildActionMask = 2147483647;
			files = (
				C35E3CE125F14B650094F21B /* LaunchScreen.storyboard in Resources */,
				C35E3CDE25F14B650094F21B /* Assets.xcassets in Resources */,
				C35E3CD925F14B640094F21B /* Main.storyboard in Resources */,
			);
			runOnlyForDeploymentPostprocessing = 0;
		};
/* End PBXResourcesBuildPhase section */

/* Begin PBXSourcesBuildPhase section */
		C35E3CCA25F14B640094F21B /* Sources */ = {
			isa = PBXSourcesBuildPhase;
			buildActionMask = 2147483647;
			files = (
				C35E3CD625F14B640094F21B /* ViewController.swift in Sources */,
				C35E3CDC25F14B640094F21B /* WysaPractical.xcdatamodeld in Sources */,
				C35E3CD225F14B640094F21B /* AppDelegate.swift in Sources */,
				C35E3CD425F14B640094F21B /* SceneDelegate.swift in Sources */,
			);
			runOnlyForDeploymentPostprocessing = 0;
		};
/* End PBXSourcesBuildPhase section */

/* Begin PBXVariantGroup section */
		C35E3CD725F14B640094F21B /* Main.storyboard */ = {
			isa = PBXVariantGroup;
			children = (
				C35E3CD825F14B640094F21B /* Base */,
			);
			name = Main.storyboard;
			sourceTree = "<group>";
		};
		C35E3CDF25F14B650094F21B /* LaunchScreen.storyboard */ = {
			isa = PBXVariantGroup;
			children = (
				C35E3CE025F14B650094F21B /* Base */,
			);
			name = LaunchScreen.storyboard;
			sourceTree = "<group>";
		};
/* End PBXVariantGroup section */

/* Begin XCBuildConfiguration section */
		C35E3CE325F14B650094F21B /* Debug */ = {
			isa = XCBuildConfiguration;
			buildSettings = {
				ALWAYS_SEARCH_USER_PATHS = NO;
				CLANG_ANALYZER_NONNULL = YES;
				CLANG_ANALYZER_NUMBER_OBJECT_CONVERSION = YES_AGGRESSIVE;
				CLANG_CXX_LANGUAGE_STANDARD = "gnu++14";
				CLANG_CXX_LIBRARY = "libc++";
				CLANG_ENABLE_MODULES = YES;
				CLANG_ENABLE_OBJC_ARC = YES;
				CLANG_ENABLE_OBJC_WEAK = YES;
				CLANG_WARN_BLOCK_CAPTURE_AUTORELEASING = YES;
				CLANG_WARN_BOOL_CONVERSION = YES;
				CLANG_WARN_COMMA = YES;
				CLANG_WARN_CONSTANT_CONVERSION = YES;
				CLANG_WARN_DEPRECATED_OBJC_IMPLEMENTATIONS = YES;
				CLANG_WARN_DIRECT_OBJC_ISA_USAGE = YES_ERROR;
				CLANG_WARN_DOCUMENTATION_COMMENTS = YES;
				CLANG_WARN_EMPTY_BODY = YES;
				CLANG_WARN_ENUM_CONVERSION = YES;
				CLANG_WARN_INFINITE_RECURSION = YES;
				CLANG_WARN_INT_CONVERSION = YES;
				CLANG_WARN_NON_LITERAL_NULL_CONVERSION = YES;
				CLANG_WARN_OBJC_IMPLICIT_RETAIN_SELF = YES;
				CLANG_WARN_OBJC_LITERAL_CONVERSION = YES;
				CLANG_WARN_OBJC_ROOT_CLASS = YES_ERROR;
				CLANG_WARN_QUOTED_INCLUDE_IN_FRAMEWORK_HEADER = YES;
				CLANG_WARN_RANGE_LOOP_ANALYSIS = YES;
				CLANG_WARN_STRICT_PROTOTYPES = YES;
				CLANG_WARN_SUSPICIOUS_MOVE = YES;
				CLANG_WARN_UNGUARDED_AVAILABILITY = YES_AGGRESSIVE;
				CLANG_WARN_UNREACHABLE_CODE = YES;
				CLANG_WARN__DUPLICATE_METHOD_MATCH = YES;
				COPY_PHASE_STRIP = NO;
				DEBUG_INFORMATION_FORMAT = dwarf;
				ENABLE_STRICT_OBJC_MSGSEND = YES;
				ENABLE_TESTABILITY = YES;
				GCC_C_LANGUAGE_STANDARD = gnu11;
				GCC_DYNAMIC_NO_PIC = NO;
				GCC_NO_COMMON_BLOCKS = YES;
				GCC_OPTIMIZATION_LEVEL = 0;
				GCC_PREPROCESSOR_DEFINITIONS = (
					"DEBUG=1",
					"$(inherited)",
				);
				GCC_WARN_64_TO_32_BIT_CONVERSION = YES;
				GCC_WARN_ABOUT_RETURN_TYPE = YES_ERROR;
				GCC_WARN_UNDECLARED_SELECTOR = YES;
				GCC_WARN_UNINITIALIZED_AUTOS = YES_AGGRESSIVE;
				GCC_WARN_UNUSED_FUNCTION = YES;
				GCC_WARN_UNUSED_VARIABLE = YES;
				IPHONEOS_DEPLOYMENT_TARGET = 14.3;
				MTL_ENABLE_DEBUG_INFO = INCLUDE_SOURCE;
				MTL_FAST_MATH = YES;
				ONLY_ACTIVE_ARCH = YES;
				SDKROOT = iphoneos;
				SWIFT_ACTIVE_COMPILATION_CONDITIONS = DEBUG;
				SWIFT_OPTIMIZATION_LEVEL = "-Onone";
			};
			name = Debug;
		};
		C35E3CE425F14B650094F21B /* Release */ = {
			isa = XCBuildConfiguration;
			buildSettings = {
				ALWAYS_SEARCH_USER_PATHS = NO;
				CLANG_ANALYZER_NONNULL = YES;
				CLANG_ANALYZER_NUMBER_OBJECT_CONVERSION = YES_AGGRESSIVE;
				CLANG_CXX_LANGUAGE_STANDARD = "gnu++14";
				CLANG_CXX_LIBRARY = "libc++";
				CLANG_ENABLE_MODULES = YES;
				CLANG_ENABLE_OBJC_ARC = YES;
				CLANG_ENABLE_OBJC_WEAK = YES;
				CLANG_WARN_BLOCK_CAPTURE_AUTORELEASING = YES;
				CLANG_WARN_BOOL_CONVERSION = YES;
				CLANG_WARN_COMMA = YES;
				CLANG_WARN_CONSTANT_CONVERSION = YES;
				CLANG_WARN_DEPRECATED_OBJC_IMPLEMENTATIONS = YES;
				CLANG_WARN_DIRECT_OBJC_ISA_USAGE = YES_ERROR;
				CLANG_WARN_DOCUMENTATION_COMMENTS = YES;
				CLANG_WARN_EMPTY_BODY = YES;
				CLANG_WARN_ENUM_CONVERSION = YES;
				CLANG_WARN_INFINITE_RECURSION = YES;
				CLANG_WARN_INT_CONVERSION = YES;
				CLANG_WARN_NON_LITERAL_NULL_CONVERSION = YES;
				CLANG_WARN_OBJC_IMPLICIT_RETAIN_SELF = YES;
				CLANG_WARN_OBJC_LITERAL_CONVERSION = YES;
				CLANG_WARN_OBJC_ROOT_CLASS = YES_ERROR;
				CLANG_WARN_QUOTED_INCLUDE_IN_FRAMEWORK_HEADER = YES;
				CLANG_WARN_RANGE_LOOP_ANALYSIS = YES;
				CLANG_WARN_STRICT_PROTOTYPES = YES;
				CLANG_WARN_SUSPICIOUS_MOVE = YES;
				CLANG_WARN_UNGUARDED_AVAILABILITY = YES_AGGRESSIVE;
				CLANG_WARN_UNREACHABLE_CODE = YES;
				CLANG_WARN__DUPLICATE_METHOD_MATCH = YES;
				COPY_PHASE_STRIP = NO;
				DEBUG_INFORMATION_FORMAT = "dwarf-with-dsym";
				ENABLE_NS_ASSERTIONS = NO;
				ENABLE_STRICT_OBJC_MSGSEND = YES;
				GCC_C_LANGUAGE_STANDARD = gnu11;
				GCC_NO_COMMON_BLOCKS = YES;
				GCC_WARN_64_TO_32_BIT_CONVERSION = YES;
				GCC_WARN_ABOUT_RETURN_TYPE = YES_ERROR;
				GCC_WARN_UNDECLARED_SELECTOR = YES;
				GCC_WARN_UNINITIALIZED_AUTOS = YES_AGGRESSIVE;
				GCC_WARN_UNUSED_FUNCTION = YES;
				GCC_WARN_UNUSED_VARIABLE = YES;
				IPHONEOS_DEPLOYMENT_TARGET = 14.3;
				MTL_ENABLE_DEBUG_INFO = NO;
				MTL_FAST_MATH = YES;
				SDKROOT = iphoneos;
				SWIFT_COMPILATION_MODE = wholemodule;
				SWIFT_OPTIMIZATION_LEVEL = "-O";
				VALIDATE_PRODUCT = YES;
			};
			name = Release;
		};
		C35E3CE625F14B650094F21B /* Debug */ = {
			isa = XCBuildConfiguration;
			buildSettings = {
				ASSETCATALOG_COMPILER_APPICON_NAME = AppIcon;
				ASSETCATALOG_COMPILER_GLOBAL_ACCENT_COLOR_NAME = AccentColor;
				CODE_SIGN_STYLE = Automatic;
				DEVELOPMENT_TEAM = 6A4WM56E75;
				INFOPLIST_FILE = WysaPractical/Info.plist;
				LD_RUNPATH_SEARCH_PATHS = (
					"$(inherited)",
					"@executable_path/Frameworks",
				);
				PRODUCT_BUNDLE_IDENTIFIER = com.rushang.wysa.WysaPractical;
				PRODUCT_NAME = "$(TARGET_NAME)";
				SWIFT_VERSION = 5.0;
				TARGETED_DEVICE_FAMILY = "1,2";
			};
			name = Debug;
		};
		C35E3CE725F14B650094F21B /* Release */ = {
			isa = XCBuildConfiguration;
			buildSettings = {
				ASSETCATALOG_COMPILER_APPICON_NAME = AppIcon;
				ASSETCATALOG_COMPILER_GLOBAL_ACCENT_COLOR_NAME = AccentColor;
				CODE_SIGN_STYLE = Automatic;
				DEVELOPMENT_TEAM = 6A4WM56E75;
				INFOPLIST_FILE = WysaPractical/Info.plist;
				LD_RUNPATH_SEARCH_PATHS = (
					"$(inherited)",
					"@executable_path/Frameworks",
				);
				PRODUCT_BUNDLE_IDENTIFIER = com.rushang.wysa.WysaPractical;
				PRODUCT_NAME = "$(TARGET_NAME)";
				SWIFT_VERSION = 5.0;
				TARGETED_DEVICE_FAMILY = "1,2";
			};
			name = Release;
		};
/* End XCBuildConfiguration section */

/* Begin XCConfigurationList section */
		C35E3CC925F14B640094F21B /* Build configuration list for PBXProject "WysaPractical" */ = {
			isa = XCConfigurationList;
			buildConfigurations = (
				C35E3CE325F14B650094F21B /* Debug */,
				C35E3CE425F14B650094F21B /* Release */,
			);
			defaultConfigurationIsVisible = 0;
			defaultConfigurationName = Release;
		};
		C35E3CE525F14B650094F21B /* Build configuration list for PBXNativeTarget "WysaPractical" */ = {
			isa = XCConfigurationList;
			buildConfigurations = (
				C35E3CE625F14B650094F21B /* Debug */,
				C35E3CE725F14B650094F21B /* Release */,
			);
			defaultConfigurationIsVisible = 0;
			defaultConfigurationName = Release;
		};
/* End XCConfigurationList section */

/* Begin XCVersionGroup section */
		C35E3CDA25F14B640094F21B /* WysaPractical.xcdatamodeld */ = {
			isa = XCVersionGroup;
			children = (
				C35E3CDB25F14B640094F21B /* WysaPractical.xcdatamodel */,
			);
			currentVersion = C35E3CDB25F14B640094F21B /* WysaPractical.xcdatamodel */;
			path = WysaPractical.xcdatamodeld;
			sourceTree = "<group>";
			versionGroupType = wrapper.xcdatamodel;
		};
/* End XCVersionGroup section */
	};
	rootObject = C35E3CC625F14B640094F21B /* Project object */;
}
